{
  "name": "mace.ui",
  "version": "1.0.0",
  "lockfileVersion": 1,
  "requires": true,
  "dependencies": {
    "@popperjs/core": {
      "version": "2.11.6",
      "resolved": "https://registry.npmjs.org/@popperjs/core/-/core-2.11.6.tgz",
      "integrity": "sha512-50/17A98tWUfQ176raKiOGXuYpLyyVMkxxG6oylzL3BPOlA6ADGdK7EYunSa4I064xerltq9TGXs8HmOk5E+vw=="
    },
    "bootstrap": {
      "version": "5.2.0",
      "resolved": "https://registry.npmjs.org/bootstrap/-/bootstrap-5.2.0.tgz",
      "integrity": "sha512-qlnS9GL6YZE6Wnef46GxGv1UpGGzAwO0aPL1yOjzDIJpeApeMvqV24iL+pjr2kU4dduoBA9fINKWKgMToobx9A=="
    },
    "font-awesome": {
      "version": "4.7.0",
      "resolved": "https://registry.npmjs.org/font-awesome/-/font-awesome-4.7.0.tgz",
      "integrity": "sha512-U6kGnykA/6bFmg1M/oT9EkFeIYv7JlX3bozwQJWiiLz6L0w3F5vBVPxHlwyX/vtNq1ckcpRKOB9f2Qal/VtFpg=="
    },
    "highlight.js": {
      "version": "11.6.0",
      "resolved": "https://registry.npmjs.org/highlight.js/-/highlight.js-11.6.0.tgz",
      "integrity": "sha512-ig1eqDzJaB0pqEvlPVIpSSyMaO92bH1N2rJpLMN/nX396wTpDA4Eq0uK+7I/2XG17pFaaKE0kjV/XPeGt7Evjw=="
    },
    "jquery": {
      "version": "3.6.1",
      "resolved": "https://registry.npmjs.org/jquery/-/jquery-3.6.1.tgz",
      "integrity": "sha512-opJeO4nCucVnsjiXOE+/PcCgYw9Gwpvs/a6B1LL/lQhwWwpbVEVYDZ1FokFr8PRc7ghYlrFPuyHuiiDNTQxmcw=="
    },
    "jquery-validate": {
      "version": "2.0.0",
      "resolved": "https://registry.npmjs.org/jquery-validate/-/jquery-validate-2.0.0.tgz",
      "integrity": "sha512-vNyF7isorlMhpvOqEY+5gLGoTA3/iXTcvQPi7yPBnPuma51DA2SLWWVum/e8qSn2bbAF60KrApnfVvibxBaM6g=="
    },
    "jquery-validation": {
      "version": "1.19.5",
      "resolved": "https://registry.npmjs.org/jquery-validation/-/jquery-validation-1.19.5.tgz",
      "integrity": "sha512-X2SmnPq1mRiDecVYL8edWx+yTBZDyC8ohWXFhXdtqFHgU9Wd4KHkvcbCoIZ0JaSaumzS8s2gXSkP8F7ivg/8ZQ=="
    },
    "jquery-validation-unobtrusive": {
      "version": "4.0.0",
      "resolved": "https://registry.npmjs.org/jquery-validation-unobtrusive/-/jquery-validation-unobtrusive-4.0.0.tgz",
      "integrity": "sha512-1ervYFFv6LX/rp7ktuLnMakHNG0piNRDyROI8Ir3hL1vPIwylAehB1AY3BPrYJnzW3WmwWryZq+Bz4sazZK9iQ==",
      "requires": {
        "jquery": "^3.6.0",
        "jquery-validation": ">=1.19"
      }
    }
  }
}
